
Microsoft Visual Studio Solution File, Format Version 12.00
# Visual Studio Version 17
VisualStudioVersion = 17.10.35013.160
MinimumVisualStudioVersion = 10.0.40219.1
Project("{FAE04EC0-301F-11D3-BF4B-00C04F79EFBC}") = "BasicsMaths", "BasicsMaths\BasicsMaths.csproj", "{2CBD7555-0A2E-4B02-862C-75C58B04B74A}"
EndProject
Global
	GlobalSection(SolutionConfigurationPlatforms) = preSolution
		Debug|Any CPU = Debug|Any CPU
		Release|Any CPU = Release|Any CPU
	EndGlobalSection
	GlobalSection(ProjectConfigurationPlatforms) = postSolution
		{2CBD7555-0A2E-4B02-862C-75C58B04B74A}.Debug|Any CPU.ActiveCfg = Debug|Any CPU
		{2CBD7555-0A2E-4B02-862C-75C58B04B74A}.Debug|Any CPU.Build.0 = Debug|Any CPU
		{2CBD7555-0A2E-4B02-862C-75C58B04B74A}.Release|Any CPU.ActiveCfg = Release|Any CPU
		{2CBD7555-0A2E-4B02-862C-75C58B04B74A}.Release|Any CPU.Build.0 = Release|Any CPU
	EndGlobalSection
	GlobalSection(SolutionProperties) = preSolution
		HideSolutionNode = FALSE
	EndGlobalSection
	GlobalSection(ExtensibilityGlobals) = postSolution
		SolutionGuid = {80738444-9831-4E8A-84A4-275C0F734FCA}
	EndGlobalSection
EndGlobal
